
Microsoft Visual Studio Solution File, Format Version 12.00
# Visual Studio Version 17
VisualStudioVersion = 17.8.34330.188
MinimumVisualStudioVersion = 10.0.40219.1
Project("{FAE04EC0-301F-11D3-BF4B-00C04F79EFBC}") = "UserManagementAPI", "UserManagementAPI.csproj", "{3B402A1C-3C07-44FF-8E98-C522CF517743}"
EndProject
Global
	GlobalSection(SolutionConfigurationPlatforms) = preSolution
		Debug|Any CPU = Debug|Any CPU
		Release|Any CPU = Release|Any CPU
	EndGlobalSection
	GlobalSection(ProjectConfigurationPlatforms) = postSolution
		{3B402A1C-3C07-44FF-8E98-C522CF517743}.Debug|Any CPU.ActiveCfg = Debug|Any CPU
		{3B402A1C-3C07-44FF-8E98-C522CF517743}.Debug|Any CPU.Build.0 = Debug|Any CPU
		{3B402A1C-3C07-44FF-8E98-C522CF517743}.Release|Any CPU.ActiveCfg = Release|Any CPU
		{3B402A1C-3C07-44FF-8E98-C522CF517743}.Release|Any CPU.Build.0 = Release|Any CPU
	EndGlobalSection
	GlobalSection(SolutionProperties) = preSolution
		HideSolutionNode = FALSE
	EndGlobalSection
	GlobalSection(ExtensibilityGlobals) = postSolution
		SolutionGuid = {1ADA7F64-9C68-4882-BECF-A259BB5766C5}
	EndGlobalSection
EndGlobal
